
Microsoft Visual Studio Solution File, Format Version 12.00
# Visual Studio Version 17
VisualStudioVersion = 17.10.35027.167
MinimumVisualStudioVersion = 10.0.40219.1
Project("{F184B08F-C81C-45F6-A57F-5ABD9991F28F}") = "EasyTo-do", "EasyTo-do.vbproj", "{B51D5E84-5AF1-4532-A20E-99060E6DB60B}"
EndProject
Global
	GlobalSection(SolutionConfigurationPlatforms) = preSolution
		Debug|Any CPU = Debug|Any CPU
		Release|Any CPU = Release|Any CPU
	EndGlobalSection
	GlobalSection(ProjectConfigurationPlatforms) = postSolution
		{B51D5E84-5AF1-4532-A20E-99060E6DB60B}.Debug|Any CPU.ActiveCfg = Debug|Any CPU
		{B51D5E84-5AF1-4532-A20E-99060E6DB60B}.Debug|Any CPU.Build.0 = Debug|Any CPU
		{B51D5E84-5AF1-4532-A20E-99060E6DB60B}.Release|Any CPU.ActiveCfg = Release|Any CPU
		{B51D5E84-5AF1-4532-A20E-99060E6DB60B}.Release|Any CPU.Build.0 = Release|Any CPU
	EndGlobalSection
	GlobalSection(SolutionProperties) = preSolution
		HideSolutionNode = FALSE
	EndGlobalSection
	GlobalSection(ExtensibilityGlobals) = postSolution
		SolutionGuid = {C1B6BD6A-4387-43E2-8134-4ACCDDAC195F}
	EndGlobalSection
EndGlobal
